
Microsoft Visual Studio Solution File, Format Version 12.00
# Visual Studio 15
VisualStudioVersion = 15.0.28010.2048
MinimumVisualStudioVersion = 10.0.40219.1
Project("{9A19103F-16F7-4668-BE54-9A1E7A4F7556}") = "WebAPI", "WebAPI\WebAPI.csproj", "{50F2E4C9-A9CC-46A7-B00D-0C8942D4C529}"
EndProject
Project("{9A19103F-16F7-4668-BE54-9A1E7A4F7556}") = "Models", "Models\Models.csproj", "{878C30BE-FB88-4584-88A7-94224432E812}"
EndProject
Project("{9A19103F-16F7-4668-BE54-9A1E7A4F7556}") = "Repositories", "Repositories\Repositories.csproj", "{D27F900A-9961-4A1B-AB58-3F5416FF4D9F}"
EndProject
Project("{9A19103F-16F7-4668-BE54-9A1E7A4F7556}") = "Common", "Common\Common.csproj", "{F76106DF-1497-4DCD-A634-BAB2F94B1CAD}"
EndProject
Project("{9A19103F-16F7-4668-BE54-9A1E7A4F7556}") = "Services", "Services\Services.csproj", "{2BFB3BFA-328E-45EF-8488-E8A918530BDF}"
EndProject
Project("{9A19103F-16F7-4668-BE54-9A1E7A4F7556}") = "Providers", "Provider\Providers.csproj", "{B14AAD91-DDCB-467A-92B6-A4DEF837346E}"
EndProject
Project("{9A19103F-16F7-4668-BE54-9A1E7A4F7556}") = "Contracts", "Contracts\Contracts.csproj", "{B45902C0-D7B7-41A7-976F-9A1548B01682}"
EndProject
Global
	GlobalSection(SolutionConfigurationPlatforms) = preSolution
		Debug|Any CPU = Debug|Any CPU
		Release|Any CPU = Release|Any CPU
	EndGlobalSection
	GlobalSection(ProjectConfigurationPlatforms) = postSolution
		{50F2E4C9-A9CC-46A7-B00D-0C8942D4C529}.Debug|Any CPU.ActiveCfg = Debug|Any CPU
		{50F2E4C9-A9CC-46A7-B00D-0C8942D4C529}.Debug|Any CPU.Build.0 = Debug|Any CPU
		{50F2E4C9-A9CC-46A7-B00D-0C8942D4C529}.Release|Any CPU.ActiveCfg = Release|Any CPU
		{50F2E4C9-A9CC-46A7-B00D-0C8942D4C529}.Release|Any CPU.Build.0 = Release|Any CPU
		{878C30BE-FB88-4584-88A7-94224432E812}.Debug|Any CPU.ActiveCfg = Debug|Any CPU
		{878C30BE-FB88-4584-88A7-94224432E812}.Debug|Any CPU.Build.0 = Debug|Any CPU
		{878C30BE-FB88-4584-88A7-94224432E812}.Release|Any CPU.ActiveCfg = Release|Any CPU
		{878C30BE-FB88-4584-88A7-94224432E812}.Release|Any CPU.Build.0 = Release|Any CPU
		{D27F900A-9961-4A1B-AB58-3F5416FF4D9F}.Debug|Any CPU.ActiveCfg = Debug|Any CPU
		{D27F900A-9961-4A1B-AB58-3F5416FF4D9F}.Debug|Any CPU.Build.0 = Debug|Any CPU
		{D27F900A-9961-4A1B-AB58-3F5416FF4D9F}.Release|Any CPU.ActiveCfg = Release|Any CPU
		{D27F900A-9961-4A1B-AB58-3F5416FF4D9F}.Release|Any CPU.Build.0 = Release|Any CPU
		{F76106DF-1497-4DCD-A634-BAB2F94B1CAD}.Debug|Any CPU.ActiveCfg = Debug|Any CPU
		{F76106DF-1497-4DCD-A634-BAB2F94B1CAD}.Debug|Any CPU.Build.0 = Debug|Any CPU
		{F76106DF-1497-4DCD-A634-BAB2F94B1CAD}.Release|Any CPU.ActiveCfg = Release|Any CPU
		{F76106DF-1497-4DCD-A634-BAB2F94B1CAD}.Release|Any CPU.Build.0 = Release|Any CPU
		{2BFB3BFA-328E-45EF-8488-E8A918530BDF}.Debug|Any CPU.ActiveCfg = Debug|Any CPU
		{2BFB3BFA-328E-45EF-8488-E8A918530BDF}.Debug|Any CPU.Build.0 = Debug|Any CPU
		{2BFB3BFA-328E-45EF-8488-E8A918530BDF}.Release|Any CPU.ActiveCfg = Release|Any CPU
		{2BFB3BFA-328E-45EF-8488-E8A918530BDF}.Release|Any CPU.Build.0 = Release|Any CPU
		{B14AAD91-DDCB-467A-92B6-A4DEF837346E}.Debug|Any CPU.ActiveCfg = Debug|Any CPU
		{B14AAD91-DDCB-467A-92B6-A4DEF837346E}.Debug|Any CPU.Build.0 = Debug|Any CPU
		{B14AAD91-DDCB-467A-92B6-A4DEF837346E}.Release|Any CPU.ActiveCfg = Release|Any CPU
		{B14AAD91-DDCB-467A-92B6-A4DEF837346E}.Release|Any CPU.Build.0 = Release|Any CPU
		{B45902C0-D7B7-41A7-976F-9A1548B01682}.Debug|Any CPU.ActiveCfg = Debug|Any CPU
		{B45902C0-D7B7-41A7-976F-9A1548B01682}.Debug|Any CPU.Build.0 = Debug|Any CPU
		{B45902C0-D7B7-41A7-976F-9A1548B01682}.Release|Any CPU.ActiveCfg = Release|Any CPU
		{B45902C0-D7B7-41A7-976F-9A1548B01682}.Release|Any CPU.Build.0 = Release|Any CPU
	EndGlobalSection
	GlobalSection(SolutionProperties) = preSolution
		HideSolutionNode = FALSE
	EndGlobalSection
	GlobalSection(ExtensibilityGlobals) = postSolution
		SolutionGuid = {8C70DF35-5DBD-44DB-8BDA-22D502A815AB}
	EndGlobalSection
EndGlobal
